
Microsoft Visual Studio Solution File, Format Version 12.00
# Visual Studio 15
VisualStudioVersion = 15.0.26430.13
MinimumVisualStudioVersion = 10.0.40219.1
Project("{888888A0-9F3D-457C-B088-3A5042F75D52}") = "GC", "GC\GC.pyproj", "{3EB283BB-0D64-42DE-AF0C-C0E1429E49B8}"
EndProject
Global
	GlobalSection(SolutionConfigurationPlatforms) = preSolution
		Debug|Any CPU = Debug|Any CPU
		Debug|ARM = Debug|ARM
		Debug|x64 = Debug|x64
		Debug|x86 = Debug|x86
		Release|Any CPU = Release|Any CPU
		Release|ARM = Release|ARM
		Release|x64 = Release|x64
		Release|x86 = Release|x86
	EndGlobalSection
	GlobalSection(ProjectConfigurationPlatforms) = postSolution
		{3EB283BB-0D64-42DE-AF0C-C0E1429E49B8}.Debug|Any CPU.ActiveCfg = Debug|Any CPU
		{3EB283BB-0D64-42DE-AF0C-C0E1429E49B8}.Debug|ARM.ActiveCfg = Debug|Any CPU
		{3EB283BB-0D64-42DE-AF0C-C0E1429E49B8}.Debug|x64.ActiveCfg = Debug|Any CPU
		{3EB283BB-0D64-42DE-AF0C-C0E1429E49B8}.Debug|x86.ActiveCfg = Debug|Any CPU
		{3EB283BB-0D64-42DE-AF0C-C0E1429E49B8}.Release|Any CPU.ActiveCfg = Release|Any CPU
		{3EB283BB-0D64-42DE-AF0C-C0E1429E49B8}.Release|ARM.ActiveCfg = Release|Any CPU
		{3EB283BB-0D64-42DE-AF0C-C0E1429E49B8}.Release|x64.ActiveCfg = Release|Any CPU
		{3EB283BB-0D64-42DE-AF0C-C0E1429E49B8}.Release|x86.ActiveCfg = Release|Any CPU
	EndGlobalSection
	GlobalSection(SolutionProperties) = preSolution
		HideSolutionNode = FALSE
	EndGlobalSection
EndGlobal
